version = 1
revision = 3
requires-python = ">=3.10"

[manifest]
members = [
    "examples",
    "py-prop-logic-kernel",
]

[[package]]
name = "examples"
version = "0.0.1"
source = { virtual = "examples" }
dependencies = [
    { name = "py-prop-logic-kernel" },
]

[package.metadata]
requires-dist = [{ name = "py-prop-logic-kernel", editable = "." }]

[[package]]
name = "py-prop-logic-kernel"
source = { editable = "." }
